
Microsoft Visual Studio Solution File, Format Version 12.00
# Visual Studio 15
Project("{FAE04EC0-301F-11D3-BF4B-00C04F79EFBC}") = "Chameleon.Android", "Chameleon.Android\Chameleon.Android.csproj", "{E1045C95-EF69-44B8-A2E0-AE68B914B175}"
EndProject
Project("{FAE04EC0-301F-11D3-BF4B-00C04F79EFBC}") = "Chameleon.iOS", "Chameleon.iOS\Chameleon.iOS.csproj", "{832E5EFC-96FB-43AA-947B-21C80EE656ED}"
EndProject
Project("{FAE04EC0-301F-11D3-BF4B-00C04F79EFBC}") = "Chameleon", "Chameleon\Chameleon.csproj", "{B419BFF9-81AD-41D9-B35A-8BF8226652D4}"
EndProject
Global
	GlobalSection(SolutionConfigurationPlatforms) = preSolution
		Debug|Any CPU = Debug|Any CPU
		Release|Any CPU = Release|Any CPU
		Debug|iPhoneSimulator = Debug|iPhoneSimulator
		Release|iPhoneSimulator = Release|iPhoneSimulator
		Debug|iPhone = Debug|iPhone
		Release|iPhone = Release|iPhone
		Ad-Hoc|iPhone = Ad-Hoc|iPhone
		AppStore|iPhone = AppStore|iPhone
	EndGlobalSection
	GlobalSection(ProjectConfigurationPlatforms) = postSolution
		{E1045C95-EF69-44B8-A2E0-AE68B914B175}.Debug|Any CPU.ActiveCfg = Debug|Any CPU
		{E1045C95-EF69-44B8-A2E0-AE68B914B175}.Debug|Any CPU.Build.0 = Debug|Any CPU
		{E1045C95-EF69-44B8-A2E0-AE68B914B175}.Release|Any CPU.ActiveCfg = Release|Any CPU
		{E1045C95-EF69-44B8-A2E0-AE68B914B175}.Release|Any CPU.Build.0 = Release|Any CPU
		{E1045C95-EF69-44B8-A2E0-AE68B914B175}.Debug|iPhoneSimulator.ActiveCfg = Debug|Any CPU
		{E1045C95-EF69-44B8-A2E0-AE68B914B175}.Debug|iPhoneSimulator.Build.0 = Debug|Any CPU
		{E1045C95-EF69-44B8-A2E0-AE68B914B175}.Release|iPhoneSimulator.ActiveCfg = Release|Any CPU
		{E1045C95-EF69-44B8-A2E0-AE68B914B175}.Release|iPhoneSimulator.Build.0 = Release|Any CPU
		{E1045C95-EF69-44B8-A2E0-AE68B914B175}.Debug|iPhone.ActiveCfg = Debug|Any CPU
		{E1045C95-EF69-44B8-A2E0-AE68B914B175}.Debug|iPhone.Build.0 = Debug|Any CPU
		{E1045C95-EF69-44B8-A2E0-AE68B914B175}.Release|iPhone.ActiveCfg = Release|Any CPU
		{E1045C95-EF69-44B8-A2E0-AE68B914B175}.Release|iPhone.Build.0 = Release|Any CPU
		{E1045C95-EF69-44B8-A2E0-AE68B914B175}.Ad-Hoc|iPhone.ActiveCfg = Debug|Any CPU
		{E1045C95-EF69-44B8-A2E0-AE68B914B175}.Ad-Hoc|iPhone.Build.0 = Debug|Any CPU
		{E1045C95-EF69-44B8-A2E0-AE68B914B175}.AppStore|iPhone.ActiveCfg = Debug|Any CPU
		{E1045C95-EF69-44B8-A2E0-AE68B914B175}.AppStore|iPhone.Build.0 = Debug|Any CPU
		{832E5EFC-96FB-43AA-947B-21C80EE656ED}.Debug|Any CPU.ActiveCfg = Debug|iPhoneSimulator
		{832E5EFC-96FB-43AA-947B-21C80EE656ED}.Debug|Any CPU.Build.0 = Debug|iPhoneSimulator
		{832E5EFC-96FB-43AA-947B-21C80EE656ED}.Release|Any CPU.ActiveCfg = Release|iPhoneSimulator
		{832E5EFC-96FB-43AA-947B-21C80EE656ED}.Release|Any CPU.Build.0 = Release|iPhoneSimulator
		{832E5EFC-96FB-43AA-947B-21C80EE656ED}.Debug|iPhoneSimulator.ActiveCfg = Debug|iPhoneSimulator
		{832E5EFC-96FB-43AA-947B-21C80EE656ED}.Debug|iPhoneSimulator.Build.0 = Debug|iPhoneSimulator
		{832E5EFC-96FB-43AA-947B-21C80EE656ED}.Release|iPhoneSimulator.ActiveCfg = Release|iPhoneSimulator
		{832E5EFC-96FB-43AA-947B-21C80EE656ED}.Release|iPhoneSimulator.Build.0 = Release|iPhoneSimulator
		{832E5EFC-96FB-43AA-947B-21C80EE656ED}.Debug|iPhone.ActiveCfg = Debug|iPhone
		{832E5EFC-96FB-43AA-947B-21C80EE656ED}.Debug|iPhone.Build.0 = Debug|iPhone
		{832E5EFC-96FB-43AA-947B-21C80EE656ED}.Release|iPhone.ActiveCfg = Release|iPhone
		{832E5EFC-96FB-43AA-947B-21C80EE656ED}.Release|iPhone.Build.0 = Release|iPhone
		{832E5EFC-96FB-43AA-947B-21C80EE656ED}.Ad-Hoc|iPhone.ActiveCfg = Ad-Hoc|iPhone
		{832E5EFC-96FB-43AA-947B-21C80EE656ED}.Ad-Hoc|iPhone.Build.0 = Ad-Hoc|iPhone
		{832E5EFC-96FB-43AA-947B-21C80EE656ED}.AppStore|iPhone.ActiveCfg = AppStore|iPhone
		{832E5EFC-96FB-43AA-947B-21C80EE656ED}.AppStore|iPhone.Build.0 = AppStore|iPhone
		{B419BFF9-81AD-41D9-B35A-8BF8226652D4}.Debug|Any CPU.ActiveCfg = Debug|Any CPU
		{B419BFF9-81AD-41D9-B35A-8BF8226652D4}.Debug|Any CPU.Build.0 = Debug|Any CPU
		{B419BFF9-81AD-41D9-B35A-8BF8226652D4}.Release|Any CPU.ActiveCfg = Release|Any CPU
		{B419BFF9-81AD-41D9-B35A-8BF8226652D4}.Release|Any CPU.Build.0 = Release|Any CPU
		{B419BFF9-81AD-41D9-B35A-8BF8226652D4}.Debug|iPhoneSimulator.ActiveCfg = Debug|Any CPU
		{B419BFF9-81AD-41D9-B35A-8BF8226652D4}.Debug|iPhoneSimulator.Build.0 = Debug|Any CPU
		{B419BFF9-81AD-41D9-B35A-8BF8226652D4}.Release|iPhoneSimulator.ActiveCfg = Release|Any CPU
		{B419BFF9-81AD-41D9-B35A-8BF8226652D4}.Release|iPhoneSimulator.Build.0 = Release|Any CPU
		{B419BFF9-81AD-41D9-B35A-8BF8226652D4}.Debug|iPhone.ActiveCfg = Debug|Any CPU
		{B419BFF9-81AD-41D9-B35A-8BF8226652D4}.Debug|iPhone.Build.0 = Debug|Any CPU
		{B419BFF9-81AD-41D9-B35A-8BF8226652D4}.Release|iPhone.ActiveCfg = Release|Any CPU
		{B419BFF9-81AD-41D9-B35A-8BF8226652D4}.Release|iPhone.Build.0 = Release|Any CPU
		{B419BFF9-81AD-41D9-B35A-8BF8226652D4}.Ad-Hoc|iPhone.ActiveCfg = Debug|Any CPU
		{B419BFF9-81AD-41D9-B35A-8BF8226652D4}.Ad-Hoc|iPhone.Build.0 = Debug|Any CPU
		{B419BFF9-81AD-41D9-B35A-8BF8226652D4}.AppStore|iPhone.ActiveCfg = Debug|Any CPU
		{B419BFF9-81AD-41D9-B35A-8BF8226652D4}.AppStore|iPhone.Build.0 = Debug|Any CPU
	EndGlobalSection
EndGlobal
